// !$*UTF8*$!
{
	archiveVersion = 1;
	classes = {
	};
	objectVersion = 46;
	objects = {

/* Begin PBXBuildFile section */
		D07D84341674456200018A50 /* SWSingleSelectLIstField.m in Sources */ = {isa = PBXBuildFile; fileRef = D07D84331674456200018A50 /* SWSingleSelectLIstField.m */; };
		D07D8438167446CA00018A50 /* SWSingleSelectListFieldControllerViewController.m in Sources */ = {isa = PBXBuildFile; fileRef = D07D8437167446CA00018A50 /* SWSingleSelectListFieldControllerViewController.m */; };
		D07D843B16744AEA00018A50 /* SWField.m in Sources */ = {isa = PBXBuildFile; fileRef = D07D843A16744AEA00018A50 /* SWField.m */; };
		D08F14921673D00C006BF441 /* AnesthesiaRecord.png in Resources */ = {isa = PBXBuildFile; fileRef = D08F14911673D00C006BF441 /* AnesthesiaRecord.png */; };
		D08F149A1673EB7E006BF441 /* SWFormFieldLayout.m in Sources */ = {isa = PBXBuildFile; fileRef = D08F14991673EB7E006BF441 /* SWFormFieldLayout.m */; };
		D08F149E1673FDE5006BF441 /* SWFormBackground.m in Sources */ = {isa = PBXBuildFile; fileRef = D08F149D1673FDE5006BF441 /* SWFormBackground.m */; };
		D08F14A01673FE41006BF441 /* FormBackground.xib in Resources */ = {isa = PBXBuildFile; fileRef = D08F149F1673FE41006BF441 /* FormBackground.xib */; };
		D08F14A21674017A006BF441 /* QuartzCore.framework in Frameworks */ = {isa = PBXBuildFile; fileRef = D08F14A11674017A006BF441 /* QuartzCore.framework */; };
		D08F14A91674CF25006BF441 /* SWFormController.m in Sources */ = {isa = PBXBuildFile; fileRef = D08F14A81674CF25006BF441 /* SWFormController.m */; };
		D08F14AD1674D728006BF441 /* SWFormFieldCell.m in Sources */ = {isa = PBXBuildFile; fileRef = D08F14AC1674D728006BF441 /* SWFormFieldCell.m */; };
		D08F14B21674FF1F006BF441 /* SWDateFieldController.m in Sources */ = {isa = PBXBuildFile; fileRef = D08F14B11674FF1F006BF441 /* SWDateFieldController.m */; };
		D08F14B416750105006BF441 /* Fields.storyboard in Resources */ = {isa = PBXBuildFile; fileRef = D08F14B316750105006BF441 /* Fields.storyboard */; };
		D08F14B7167502A1006BF441 /* SWDateField.m in Sources */ = {isa = PBXBuildFile; fileRef = D08F14B6167502A1006BF441 /* SWDateField.m */; };
		D0EE23441673AD5E00CEE920 /* UIKit.framework in Frameworks */ = {isa = PBXBuildFile; fileRef = D0EE23431673AD5E00CEE920 /* UIKit.framework */; };
		D0EE23461673AD5E00CEE920 /* Foundation.framework in Frameworks */ = {isa = PBXBuildFile; fileRef = D0EE23451673AD5E00CEE920 /* Foundation.framework */; };
		D0EE23481673AD5E00CEE920 /* CoreGraphics.framework in Frameworks */ = {isa = PBXBuildFile; fileRef = D0EE23471673AD5E00CEE920 /* CoreGraphics.framework */; };
		D0EE234A1673AD5E00CEE920 /* CoreData.framework in Frameworks */ = {isa = PBXBuildFile; fileRef = D0EE23491673AD5E00CEE920 /* CoreData.framework */; };
		D0EE23501673AD5E00CEE920 /* InfoPlist.strings in Resources */ = {isa = PBXBuildFile; fileRef = D0EE234E1673AD5E00CEE920 /* InfoPlist.strings */; };
		D0EE23521673AD5E00CEE920 /* main.m in Sources */ = {isa = PBXBuildFile; fileRef = D0EE23511673AD5E00CEE920 /* main.m */; };
		D0EE23561673AD5E00CEE920 /* SWAppDelegate.m in Sources */ = {isa = PBXBuildFile; fileRef = D0EE23551673AD5E00CEE920 /* SWAppDelegate.m */; };
		D0EE23581673AD5E00CEE920 /* Default.png in Resources */ = {isa = PBXBuildFile; fileRef = D0EE23571673AD5E00CEE920 /* Default.png */; };
		D0EE235A1673AD5E00CEE920 /* Default@2x.png in Resources */ = {isa = PBXBuildFile; fileRef = D0EE23591673AD5E00CEE920 /* Default@2x.png */; };
		D0EE235C1673AD5E00CEE920 /* Default-568h@2x.png in Resources */ = {isa = PBXBuildFile; fileRef = D0EE235B1673AD5E00CEE920 /* Default-568h@2x.png */; };
		D0EE235F1673AD5E00CEE920 /* MainStoryboard.storyboard in Resources */ = {isa = PBXBuildFile; fileRef = D0EE235D1673AD5E00CEE920 /* MainStoryboard.storyboard */; };
		D0EE23621673AD5E00CEE920 /* sharableink.xcdatamodeld in Sources */ = {isa = PBXBuildFile; fileRef = D0EE23601673AD5E00CEE920 /* sharableink.xcdatamodeld */; };
		D0EE23651673AD5E00CEE920 /* SWMasterViewController.m in Sources */ = {isa = PBXBuildFile; fileRef = D0EE23641673AD5E00CEE920 /* SWMasterViewController.m */; };
		D0EE23681673AD5F00CEE920 /* SWDetailViewController.m in Sources */ = {isa = PBXBuildFile; fileRef = D0EE23671673AD5F00CEE920 /* SWDetailViewController.m */; };
		D0EE23701673AD5F00CEE920 /* SenTestingKit.framework in Frameworks */ = {isa = PBXBuildFile; fileRef = D0EE236F1673AD5F00CEE920 /* SenTestingKit.framework */; };
		D0EE23711673AD5F00CEE920 /* UIKit.framework in Frameworks */ = {isa = PBXBuildFile; fileRef = D0EE23431673AD5E00CEE920 /* UIKit.framework */; };
		D0EE23721673AD5F00CEE920 /* Foundation.framework in Frameworks */ = {isa = PBXBuildFile; fileRef = D0EE23451673AD5E00CEE920 /* Foundation.framework */; };
		D0EE23731673AD5F00CEE920 /* CoreData.framework in Frameworks */ = {isa = PBXBuildFile; fileRef = D0EE23491673AD5E00CEE920 /* CoreData.framework */; };
		D0EE237B1673AD5F00CEE920 /* InfoPlist.strings in Resources */ = {isa = PBXBuildFile; fileRef = D0EE23791673AD5F00CEE920 /* InfoPlist.strings */; };
		D0EE237E1673AD5F00CEE920 /* sharableinkTests.m in Sources */ = {isa = PBXBuildFile; fileRef = D0EE237D1673AD5F00CEE920 /* sharableinkTests.m */; };
		D0EE238D1673C11F00CEE920 /* libTestFlight.a in Frameworks */ = {isa = PBXBuildFile; fileRef = D0EE23891673C11F00CEE920 /* libTestFlight.a */; };
		D0EE238E1673C11F00CEE920 /* README.md in Resources */ = {isa = PBXBuildFile; fileRef = D0EE238A1673C11F00CEE920 /* README.md */; };
		D0EE238F1673C11F00CEE920 /* release_notes.md in Resources */ = {isa = PBXBuildFile; fileRef = D0EE238B1673C11F00CEE920 /* release_notes.md */; };
		D0EE23911673C14D00CEE920 /* libz.dylib in Frameworks */ = {isa = PBXBuildFile; fileRef = D0EE23901673C14D00CEE920 /* libz.dylib */; };
/* End PBXBuildFile section */

/* Begin PBXContainerItemProxy section */
		D0EE23741673AD5F00CEE920 /* PBXContainerItemProxy */ = {
			isa = PBXContainerItemProxy;
			containerPortal = D0EE23361673AD5E00CEE920 /* Project object */;
			proxyType = 1;
			remoteGlobalIDString = D0EE233E1673AD5E00CEE920;
			remoteInfo = sharableink;
		};
/* End PBXContainerItemProxy section */

/* Begin PBXFileReference section */
		D07D84321674456200018A50 /* SWSingleSelectListField.h */ = {isa = PBXFileReference; fileEncoding = 4; lastKnownFileType = sourcecode.c.h; path = SWSingleSelectListField.h; sourceTree = "<group>"; };
		D07D84331674456200018A50 /* SWSingleSelectLIstField.m */ = {isa = PBXFileReference; fileEncoding = 4; lastKnownFileType = sourcecode.c.objc; path = SWSingleSelectLIstField.m; sourceTree = "<group>"; };
		D07D8436167446CA00018A50 /* SWSingleSelectListFieldControllerViewController.h */ = {isa = PBXFileReference; fileEncoding = 4; lastKnownFileType = sourcecode.c.h; path = SWSingleSelectListFieldControllerViewController.h; sourceTree = "<group>"; };
		D07D8437167446CA00018A50 /* SWSingleSelectListFieldControllerViewController.m */ = {isa = PBXFileReference; fileEncoding = 4; lastKnownFileType = sourcecode.c.objc; path = SWSingleSelectListFieldControllerViewController.m; sourceTree = "<group>"; };
		D07D843916744AEA00018A50 /* SWField.h */ = {isa = PBXFileReference; fileEncoding = 4; lastKnownFileType = sourcecode.c.h; path = SWField.h; sourceTree = "<group>"; };
		D07D843A16744AEA00018A50 /* SWField.m */ = {isa = PBXFileReference; fileEncoding = 4; lastKnownFileType = sourcecode.c.objc; path = SWField.m; sourceTree = "<group>"; };
		D07D843F1674564700018A50 /* SWFieldController.h */ = {isa = PBXFileReference; lastKnownFileType = sourcecode.c.h; path = SWFieldController.h; sourceTree = "<group>"; };
		D07D844116745EC500018A50 /* SWFormFieldLayoutDelegate.h */ = {isa = PBXFileReference; lastKnownFileType = sourcecode.c.h; path = SWFormFieldLayoutDelegate.h; sourceTree = "<group>"; };
		D08F14911673D00C006BF441 /* AnesthesiaRecord.png */ = {isa = PBXFileReference; lastKnownFileType = image.png; path = AnesthesiaRecord.png; sourceTree = "<group>"; };
		D08F14981673EB7E006BF441 /* SWFormFieldLayout.h */ = {isa = PBXFileReference; fileEncoding = 4; lastKnownFileType = sourcecode.c.h; path = SWFormFieldLayout.h; sourceTree = "<group>"; };
		D08F14991673EB7E006BF441 /* SWFormFieldLayout.m */ = {isa = PBXFileReference; fileEncoding = 4; lastKnownFileType = sourcecode.c.objc; path = SWFormFieldLayout.m; sourceTree = "<group>"; };
		D08F149C1673FDE5006BF441 /* SWFormBackground.h */ = {isa = PBXFileReference; fileEncoding = 4; lastKnownFileType = sourcecode.c.h; path = SWFormBackground.h; sourceTree = "<group>"; };
		D08F149D1673FDE5006BF441 /* SWFormBackground.m */ = {isa = PBXFileReference; fileEncoding = 4; lastKnownFileType = sourcecode.c.objc; path = SWFormBackground.m; sourceTree = "<group>"; };
		D08F149F1673FE41006BF441 /* FormBackground.xib */ = {isa = PBXFileReference; fileEncoding = 4; lastKnownFileType = file.xib; path = FormBackground.xib; sourceTree = "<group>"; };
		D08F14A11674017A006BF441 /* QuartzCore.framework */ = {isa = PBXFileReference; lastKnownFileType = wrapper.framework; name = QuartzCore.framework; path = System/Library/Frameworks/QuartzCore.framework; sourceTree = SDKROOT; };
		D08F14A71674CF25006BF441 /* SWFormController.h */ = {isa = PBXFileReference; fileEncoding = 4; lastKnownFileType = sourcecode.c.h; path = SWFormController.h; sourceTree = "<group>"; };
		D08F14A81674CF25006BF441 /* SWFormController.m */ = {isa = PBXFileReference; fileEncoding = 4; lastKnownFileType = sourcecode.c.objc; path = SWFormController.m; sourceTree = "<group>"; };
		D08F14AB1674D728006BF441 /* SWFormFieldCell.h */ = {isa = PBXFileReference; fileEncoding = 4; lastKnownFileType = sourcecode.c.h; path = SWFormFieldCell.h; sourceTree = "<group>"; };
		D08F14AC1674D728006BF441 /* SWFormFieldCell.m */ = {isa = PBXFileReference; fileEncoding = 4; lastKnownFileType = sourcecode.c.objc; path = SWFormFieldCell.m; sourceTree = "<group>"; };
		D08F14AE1674F9CF006BF441 /* SWFormControllerDelegate.h */ = {isa = PBXFileReference; lastKnownFileType = sourcecode.c.h; path = SWFormControllerDelegate.h; sourceTree = "<group>"; };
		D08F14B01674FF1F006BF441 /* SWDateFieldController.h */ = {isa = PBXFileReference; fileEncoding = 4; lastKnownFileType = sourcecode.c.h; path = SWDateFieldController.h; sourceTree = "<group>"; };
		D08F14B11674FF1F006BF441 /* SWDateFieldController.m */ = {isa = PBXFileReference; fileEncoding = 4; lastKnownFileType = sourcecode.c.objc; path = SWDateFieldController.m; sourceTree = "<group>"; };
		D08F14B316750105006BF441 /* Fields.storyboard */ = {isa = PBXFileReference; fileEncoding = 4; lastKnownFileType = file.storyboard; path = Fields.storyboard; sourceTree = "<group>"; };
		D08F14B5167502A1006BF441 /* SWDateField.h */ = {isa = PBXFileReference; fileEncoding = 4; lastKnownFileType = sourcecode.c.h; path = SWDateField.h; sourceTree = "<group>"; };
		D08F14B6167502A1006BF441 /* SWDateField.m */ = {isa = PBXFileReference; fileEncoding = 4; lastKnownFileType = sourcecode.c.objc; path = SWDateField.m; sourceTree = "<group>"; };
		D0EE233F1673AD5E00CEE920 /* sharableink.app */ = {isa = PBXFileReference; explicitFileType = wrapper.application; includeInIndex = 0; path = sharableink.app; sourceTree = BUILT_PRODUCTS_DIR; };
		D0EE23431673AD5E00CEE920 /* UIKit.framework */ = {isa = PBXFileReference; lastKnownFileType = wrapper.framework; name = UIKit.framework; path = System/Library/Frameworks/UIKit.framework; sourceTree = SDKROOT; };
		D0EE23451673AD5E00CEE920 /* Foundation.framework */ = {isa = PBXFileReference; lastKnownFileType = wrapper.framework; name = Foundation.framework; path = System/Library/Frameworks/Foundation.framework; sourceTree = SDKROOT; };
		D0EE23471673AD5E00CEE920 /* CoreGraphics.framework */ = {isa = PBXFileReference; lastKnownFileType = wrapper.framework; name = CoreGraphics.framework; path = System/Library/Frameworks/CoreGraphics.framework; sourceTree = SDKROOT; };
		D0EE23491673AD5E00CEE920 /* CoreData.framework */ = {isa = PBXFileReference; lastKnownFileType = wrapper.framework; name = CoreData.framework; path = System/Library/Frameworks/CoreData.framework; sourceTree = SDKROOT; };
		D0EE234D1673AD5E00CEE920 /* sharableink-Info.plist */ = {isa = PBXFileReference; lastKnownFileType = text.plist.xml; path = "sharableink-Info.plist"; sourceTree = "<group>"; };
		D0EE234F1673AD5E00CEE920 /* en */ = {isa = PBXFileReference; lastKnownFileType = text.plist.strings; name = en; path = en.lproj/InfoPlist.strings; sourceTree = "<group>"; };
		D0EE23511673AD5E00CEE920 /* main.m */ = {isa = PBXFileReference; lastKnownFileType = sourcecode.c.objc; path = main.m; sourceTree = "<group>"; };
		D0EE23531673AD5E00CEE920 /* sharableink-Prefix.pch */ = {isa = PBXFileReference; lastKnownFileType = sourcecode.c.h; path = "sharableink-Prefix.pch"; sourceTree = "<group>"; };
		D0EE23541673AD5E00CEE920 /* SWAppDelegate.h */ = {isa = PBXFileReference; lastKnownFileType = sourcecode.c.h; path = SWAppDelegate.h; sourceTree = "<group>"; };
		D0EE23551673AD5E00CEE920 /* SWAppDelegate.m */ = {isa = PBXFileReference; lastKnownFileType = sourcecode.c.objc; path = SWAppDelegate.m; sourceTree = "<group>"; };
		D0EE23571673AD5E00CEE920 /* Default.png */ = {isa = PBXFileReference; lastKnownFileType = image.png; path = Default.png; sourceTree = "<group>"; };
		D0EE23591673AD5E00CEE920 /* Default@2x.png */ = {isa = PBXFileReference; lastKnownFileType = image.png; path = "Default@2x.png"; sourceTree = "<group>"; };
		D0EE235B1673AD5E00CEE920 /* Default-568h@2x.png */ = {isa = PBXFileReference; lastKnownFileType = image.png; path = "Default-568h@2x.png"; sourceTree = "<group>"; };
		D0EE235E1673AD5E00CEE920 /* en */ = {isa = PBXFileReference; lastKnownFileType = file.storyboard; name = en; path = en.lproj/MainStoryboard.storyboard; sourceTree = "<group>"; };
		D0EE23611673AD5E00CEE920 /* sharableink.xcdatamodel */ = {isa = PBXFileReference; lastKnownFileType = wrapper.xcdatamodel; path = sharableink.xcdatamodel; sourceTree = "<group>"; };
		D0EE23631673AD5E00CEE920 /* SWMasterViewController.h */ = {isa = PBXFileReference; lastKnownFileType = sourcecode.c.h; path = SWMasterViewController.h; sourceTree = "<group>"; };
		D0EE23641673AD5E00CEE920 /* SWMasterViewController.m */ = {isa = PBXFileReference; lastKnownFileType = sourcecode.c.objc; path = SWMasterViewController.m; sourceTree = "<group>"; };
		D0EE23661673AD5F00CEE920 /* SWDetailViewController.h */ = {isa = PBXFileReference; lastKnownFileType = sourcecode.c.h; path = SWDetailViewController.h; sourceTree = "<group>"; };
		D0EE23671673AD5F00CEE920 /* SWDetailViewController.m */ = {isa = PBXFileReference; lastKnownFileType = sourcecode.c.objc; path = SWDetailViewController.m; sourceTree = "<group>"; };
		D0EE236E1673AD5F00CEE920 /* sharableinkTests.octest */ = {isa = PBXFileReference; explicitFileType = wrapper.cfbundle; includeInIndex = 0; path = sharableinkTests.octest; sourceTree = BUILT_PRODUCTS_DIR; };
		D0EE236F1673AD5F00CEE920 /* SenTestingKit.framework */ = {isa = PBXFileReference; lastKnownFileType = wrapper.framework; name = SenTestingKit.framework; path = Library/Frameworks/SenTestingKit.framework; sourceTree = DEVELOPER_DIR; };
		D0EE23781673AD5F00CEE920 /* sharableinkTests-Info.plist */ = {isa = PBXFileReference; lastKnownFileType = text.plist.xml; path = "sharableinkTests-Info.plist"; sourceTree = "<group>"; };
		D0EE237A1673AD5F00CEE920 /* en */ = {isa = PBXFileReference; lastKnownFileType = text.plist.strings; name = en; path = en.lproj/InfoPlist.strings; sourceTree = "<group>"; };
		D0EE237C1673AD5F00CEE920 /* sharableinkTests.h */ = {isa = PBXFileReference; lastKnownFileType = sourcecode.c.h; path = sharableinkTests.h; sourceTree = "<group>"; };
		D0EE237D1673AD5F00CEE920 /* sharableinkTests.m */ = {isa = PBXFileReference; lastKnownFileType = sourcecode.c.objc; path = sharableinkTests.m; sourceTree = "<group>"; };
		D0EE23891673C11F00CEE920 /* libTestFlight.a */ = {isa = PBXFileReference; lastKnownFileType = archive.ar; path = libTestFlight.a; sourceTree = "<group>"; };
		D0EE238A1673C11F00CEE920 /* README.md */ = {isa = PBXFileReference; fileEncoding = 4; lastKnownFileType = text; path = README.md; sourceTree = "<group>"; };
		D0EE238B1673C11F00CEE920 /* release_notes.md */ = {isa = PBXFileReference; fileEncoding = 4; lastKnownFileType = text; path = release_notes.md; sourceTree = "<group>"; };
		D0EE238C1673C11F00CEE920 /* TestFlight.h */ = {isa = PBXFileReference; fileEncoding = 4; lastKnownFileType = sourcecode.c.h; path = TestFlight.h; sourceTree = "<group>"; };
		D0EE23901673C14D00CEE920 /* libz.dylib */ = {isa = PBXFileReference; lastKnownFileType = "compiled.mach-o.dylib"; name = libz.dylib; path = usr/lib/libz.dylib; sourceTree = SDKROOT; };
/* End PBXFileReference section */

/* Begin PBXFrameworksBuildPhase section */
		D0EE233C1673AD5E00CEE920 /* Frameworks */ = {
			isa = PBXFrameworksBuildPhase;
			buildActionMask = 2147483647;
			files = (
				D08F14A21674017A006BF441 /* QuartzCore.framework in Frameworks */,
				D0EE23481673AD5E00CEE920 /* CoreGraphics.framework in Frameworks */,
				D0EE23911673C14D00CEE920 /* libz.dylib in Frameworks */,
				D0EE23441673AD5E00CEE920 /* UIKit.framework in Frameworks */,
				D0EE23461673AD5E00CEE920 /* Foundation.framework in Frameworks */,
				D0EE234A1673AD5E00CEE920 /* CoreData.framework in Frameworks */,
				D0EE238D1673C11F00CEE920 /* libTestFlight.a in Frameworks */,
			);
			runOnlyForDeploymentPostprocessing = 0;
		};
		D0EE236A1673AD5F00CEE920 /* Frameworks */ = {
			isa = PBXFrameworksBuildPhase;
			buildActionMask = 2147483647;
			files = (
				D0EE23701673AD5F00CEE920 /* SenTestingKit.framework in Frameworks */,
				D0EE23711673AD5F00CEE920 /* UIKit.framework in Frameworks */,
				D0EE23721673AD5F00CEE920 /* Foundation.framework in Frameworks */,
				D0EE23731673AD5F00CEE920 /* CoreData.framework in Frameworks */,
			);
			runOnlyForDeploymentPostprocessing = 0;
		};
/* End PBXFrameworksBuildPhase section */

/* Begin PBXGroup section */
		D07D8430167444E800018A50 /* Fields */ = {
			isa = PBXGroup;
			children = (
				D08F14AF1674FF01006BF441 /* DateField */,
				D07D8435167445E900018A50 /* SingleSelectListField */,
				D07D843916744AEA00018A50 /* SWField.h */,
				D07D843A16744AEA00018A50 /* SWField.m */,
			);
			name = Fields;
			sourceTree = "<group>";
		};
		D07D8435167445E900018A50 /* SingleSelectListField */ = {
			isa = PBXGroup;
			children = (
				D07D84321674456200018A50 /* SWSingleSelectListField.h */,
				D07D84331674456200018A50 /* SWSingleSelectLIstField.m */,
				D07D8436167446CA00018A50 /* SWSingleSelectListFieldControllerViewController.h */,
				D07D8437167446CA00018A50 /* SWSingleSelectListFieldControllerViewController.m */,
			);
			name = SingleSelectListField;
			sourceTree = "<group>";
		};
		D07D844016745E7300018A50 /* Form */ = {
			isa = PBXGroup;
			children = (
				D08F149C1673FDE5006BF441 /* SWFormBackground.h */,
				D07D843F1674564700018A50 /* SWFieldController.h */,
				D08F149D1673FDE5006BF441 /* SWFormBackground.m */,
				D08F14981673EB7E006BF441 /* SWFormFieldLayout.h */,
				D08F14991673EB7E006BF441 /* SWFormFieldLayout.m */,
				D07D844116745EC500018A50 /* SWFormFieldLayoutDelegate.h */,
				D08F14A71674CF25006BF441 /* SWFormController.h */,
				D08F14A81674CF25006BF441 /* SWFormController.m */,
				D08F14AB1674D728006BF441 /* SWFormFieldCell.h */,
				D08F14AC1674D728006BF441 /* SWFormFieldCell.m */,
				D08F14AE1674F9CF006BF441 /* SWFormControllerDelegate.h */,
			);
			name = Form;
			sourceTree = "<group>";
		};
		D08F14901673D00C006BF441 /* images */ = {
			isa = PBXGroup;
			children = (
				D08F14911673D00C006BF441 /* AnesthesiaRecord.png */,
			);
			path = images;
			sourceTree = "<group>";
		};
		D08F14AF1674FF01006BF441 /* DateField */ = {
			isa = PBXGroup;
			children = (
				D08F14B01674FF1F006BF441 /* SWDateFieldController.h */,
				D08F14B11674FF1F006BF441 /* SWDateFieldController.m */,
				D08F14B5167502A1006BF441 /* SWDateField.h */,
				D08F14B6167502A1006BF441 /* SWDateField.m */,
			);
			name = DateField;
			sourceTree = "<group>";
		};
		D0EE23341673AD5E00CEE920 = {
			isa = PBXGroup;
			children = (
				D08F14A11674017A006BF441 /* QuartzCore.framework */,
				D08F14901673D00C006BF441 /* images */,
				D0EE23901673C14D00CEE920 /* libz.dylib */,
				D0EE23871673C0F800CEE920 /* 3rdParty */,
				D0EE234B1673AD5E00CEE920 /* sharableink */,
				D0EE23761673AD5F00CEE920 /* sharableinkTests */,
				D0EE23421673AD5E00CEE920 /* Frameworks */,
				D0EE23401673AD5E00CEE920 /* Products */,
			);
			sourceTree = "<group>";
		};
		D0EE23401673AD5E00CEE920 /* Products */ = {
			isa = PBXGroup;
			children = (
				D0EE233F1673AD5E00CEE920 /* sharableink.app */,
				D0EE236E1673AD5F00CEE920 /* sharableinkTests.octest */,
			);
			name = Products;
			sourceTree = "<group>";
		};
		D0EE23421673AD5E00CEE920 /* Frameworks */ = {
			isa = PBXGroup;
			children = (
				D0EE23431673AD5E00CEE920 /* UIKit.framework */,
				D0EE23451673AD5E00CEE920 /* Foundation.framework */,
				D0EE23471673AD5E00CEE920 /* CoreGraphics.framework */,
				D0EE23491673AD5E00CEE920 /* CoreData.framework */,
				D0EE236F1673AD5F00CEE920 /* SenTestingKit.framework */,
			);
			name = Frameworks;
			sourceTree = "<group>";
		};
		D0EE234B1673AD5E00CEE920 /* sharableink */ = {
			isa = PBXGroup;
			children = (
				D07D844016745E7300018A50 /* Form */,
				D07D8430167444E800018A50 /* Fields */,
				D0EE23541673AD5E00CEE920 /* SWAppDelegate.h */,
				D0EE23551673AD5E00CEE920 /* SWAppDelegate.m */,
				D0EE235D1673AD5E00CEE920 /* MainStoryboard.storyboard */,
				D0EE23631673AD5E00CEE920 /* SWMasterViewController.h */,
				D0EE23641673AD5E00CEE920 /* SWMasterViewController.m */,
				D0EE23661673AD5F00CEE920 /* SWDetailViewController.h */,
				D0EE23671673AD5F00CEE920 /* SWDetailViewController.m */,
				D0EE23601673AD5E00CEE920 /* sharableink.xcdatamodeld */,
				D0EE234C1673AD5E00CEE920 /* Supporting Files */,
				D08F149F1673FE41006BF441 /* FormBackground.xib */,
				D08F14B316750105006BF441 /* Fields.storyboard */,
			);
			path = sharableink;
			sourceTree = "<group>";
		};
		D0EE234C1673AD5E00CEE920 /* Supporting Files */ = {
			isa = PBXGroup;
			children = (
				D0EE234D1673AD5E00CEE920 /* sharableink-Info.plist */,
				D0EE234E1673AD5E00CEE920 /* InfoPlist.strings */,
				D0EE23511673AD5E00CEE920 /* main.m */,
				D0EE23531673AD5E00CEE920 /* sharableink-Prefix.pch */,
				D0EE23571673AD5E00CEE920 /* Default.png */,
				D0EE23591673AD5E00CEE920 /* Default@2x.png */,
				D0EE235B1673AD5E00CEE920 /* Default-568h@2x.png */,
			);
			name = "Supporting Files";
			sourceTree = "<group>";
		};
		D0EE23761673AD5F00CEE920 /* sharableinkTests */ = {
			isa = PBXGroup;
			children = (
				D0EE237C1673AD5F00CEE920 /* sharableinkTests.h */,
				D0EE237D1673AD5F00CEE920 /* sharableinkTests.m */,
				D0EE23771673AD5F00CEE920 /* Supporting Files */,
			);
			path = sharableinkTests;
			sourceTree = "<group>";
		};
		D0EE23771673AD5F00CEE920 /* Supporting Files */ = {
			isa = PBXGroup;
			children = (
				D0EE23781673AD5F00CEE920 /* sharableinkTests-Info.plist */,
				D0EE23791673AD5F00CEE920 /* InfoPlist.strings */,
			);
			name = "Supporting Files";
			sourceTree = "<group>";
		};
		D0EE23871673C0F800CEE920 /* 3rdParty */ = {
			isa = PBXGroup;
			children = (
				D0EE23881673C11F00CEE920 /* TestFlightSDK1 */,
			);
			name = 3rdParty;
			sourceTree = "<group>";
		};
		D0EE23881673C11F00CEE920 /* TestFlightSDK1 */ = {
			isa = PBXGroup;
			children = (
				D0EE23891673C11F00CEE920 /* libTestFlight.a */,
				D0EE238A1673C11F00CEE920 /* README.md */,
				D0EE238B1673C11F00CEE920 /* release_notes.md */,
				D0EE238C1673C11F00CEE920 /* TestFlight.h */,
			);
			path = TestFlightSDK1;
			sourceTree = "<group>";
		};
/* End PBXGroup section */

/* Begin PBXNativeTarget section */
		D0EE233E1673AD5E00CEE920 /* sharableink */ = {
			isa = PBXNativeTarget;
			buildConfigurationList = D0EE23811673AD5F00CEE920 /* Build configuration list for PBXNativeTarget "sharableink" */;
			buildPhases = (
				D0EE233B1673AD5E00CEE920 /* Sources */,
				D0EE233C1673AD5E00CEE920 /* Frameworks */,
				D0EE233D1673AD5E00CEE920 /* Resources */,
			);
			buildRules = (
			);
			dependencies = (
			);
			name = sharableink;
			productName = sharableink;
			productReference = D0EE233F1673AD5E00CEE920 /* sharableink.app */;
			productType = "com.apple.product-type.application";
		};
		D0EE236D1673AD5F00CEE920 /* sharableinkTests */ = {
			isa = PBXNativeTarget;
			buildConfigurationList = D0EE23841673AD5F00CEE920 /* Build configuration list for PBXNativeTarget "sharableinkTests" */;
			buildPhases = (
				D0EE23691673AD5F00CEE920 /* Sources */,
				D0EE236A1673AD5F00CEE920 /* Frameworks */,
				D0EE236B1673AD5F00CEE920 /* Resources */,
				D0EE236C1673AD5F00CEE920 /* ShellScript */,
			);
			buildRules = (
			);
			dependencies = (
				D0EE23751673AD5F00CEE920 /* PBXTargetDependency */,
			);
			name = sharableinkTests;
			productName = sharableinkTests;
			productReference = D0EE236E1673AD5F00CEE920 /* sharableinkTests.octest */;
			productType = "com.apple.product-type.bundle";
		};
/* End PBXNativeTarget section */

/* Begin PBXProject section */
		D0EE23361673AD5E00CEE920 /* Project object */ = {
			isa = PBXProject;
			attributes = {
				CLASSPREFIX = SW;
				LastUpgradeCheck = 0450;
				ORGANIZATIONNAME = Swedesoft;
			};
			buildConfigurationList = D0EE23391673AD5E00CEE920 /* Build configuration list for PBXProject "sharableink" */;
			compatibilityVersion = "Xcode 3.2";
			developmentRegion = English;
			hasScannedForEncodings = 0;
			knownRegions = (
				en,
			);
			mainGroup = D0EE23341673AD5E00CEE920;
			productRefGroup = D0EE23401673AD5E00CEE920 /* Products */;
			projectDirPath = "";
			projectRoot = "";
			targets = (
				D0EE233E1673AD5E00CEE920 /* sharableink */,
				D0EE236D1673AD5F00CEE920 /* sharableinkTests */,
			);
		};
/* End PBXProject section */

/* Begin PBXResourcesBuildPhase section */
		D0EE233D1673AD5E00CEE920 /* Resources */ = {
			isa = PBXResourcesBuildPhase;
			buildActionMask = 2147483647;
			files = (
				D0EE23501673AD5E00CEE920 /* InfoPlist.strings in Resources */,
				D0EE23581673AD5E00CEE920 /* Default.png in Resources */,
				D0EE235A1673AD5E00CEE920 /* Default@2x.png in Resources */,
				D0EE235C1673AD5E00CEE920 /* Default-568h@2x.png in Resources */,
				D0EE235F1673AD5E00CEE920 /* MainStoryboard.storyboard in Resources */,
				D0EE238E1673C11F00CEE920 /* README.md in Resources */,
				D0EE238F1673C11F00CEE920 /* release_notes.md in Resources */,
				D08F14921673D00C006BF441 /* AnesthesiaRecord.png in Resources */,
				D08F14A01673FE41006BF441 /* FormBackground.xib in Resources */,
				D08F14B416750105006BF441 /* Fields.storyboard in Resources */,
			);
			runOnlyForDeploymentPostprocessing = 0;
		};
		D0EE236B1673AD5F00CEE920 /* Resources */ = {
			isa = PBXResourcesBuildPhase;
			buildActionMask = 2147483647;
			files = (
				D0EE237B1673AD5F00CEE920 /* InfoPlist.strings in Resources */,
			);
			runOnlyForDeploymentPostprocessing = 0;
		};
/* End PBXResourcesBuildPhase section */

/* Begin PBXShellScriptBuildPhase section */
		D0EE236C1673AD5F00CEE920 /* ShellScript */ = {
			isa = PBXShellScriptBuildPhase;
			buildActionMask = 2147483647;
			files = (
			);
			inputPaths = (
			);
			outputPaths = (
			);
			runOnlyForDeploymentPostprocessing = 0;
			shellPath = /bin/sh;
			shellScript = "# Run the unit tests in this test bundle.\n\"${SYSTEM_DEVELOPER_DIR}/Tools/RunUnitTests\"\n";
		};
/* End PBXShellScriptBuildPhase section */

/* Begin PBXSourcesBuildPhase section */
		D0EE233B1673AD5E00CEE920 /* Sources */ = {
			isa = PBXSourcesBuildPhase;
			buildActionMask = 2147483647;
			files = (
				D0EE23521673AD5E00CEE920 /* main.m in Sources */,
				D0EE23561673AD5E00CEE920 /* SWAppDelegate.m in Sources */,
				D0EE23621673AD5E00CEE920 /* sharableink.xcdatamodeld in Sources */,
				D0EE23651673AD5E00CEE920 /* SWMasterViewController.m in Sources */,
				D0EE23681673AD5F00CEE920 /* SWDetailViewController.m in Sources */,
				D08F149A1673EB7E006BF441 /* SWFormFieldLayout.m in Sources */,
				D08F149E1673FDE5006BF441 /* SWFormBackground.m in Sources */,
				D07D84341674456200018A50 /* SWSingleSelectLIstField.m in Sources */,
				D07D8438167446CA00018A50 /* SWSingleSelectListFieldControllerViewController.m in Sources */,
				D07D843B16744AEA00018A50 /* SWField.m in Sources */,
				D08F14A91674CF25006BF441 /* SWFormController.m in Sources */,
				D08F14AD1674D728006BF441 /* SWFormFieldCell.m in Sources */,
				D08F14B21674FF1F006BF441 /* SWDateFieldController.m in Sources */,
				D08F14B7167502A1006BF441 /* SWDateField.m in Sources */,
			);
			runOnlyForDeploymentPostprocessing = 0;
		};
		D0EE23691673AD5F00CEE920 /* Sources */ = {
			isa = PBXSourcesBuildPhase;
			buildActionMask = 2147483647;
			files = (
				D0EE237E1673AD5F00CEE920 /* sharableinkTests.m in Sources */,
			);
			runOnlyForDeploymentPostprocessing = 0;
		};
/* End PBXSourcesBuildPhase section */

/* Begin PBXTargetDependency section */
		D0EE23751673AD5F00CEE920 /* PBXTargetDependency */ = {
			isa = PBXTargetDependency;
			target = D0EE233E1673AD5E00CEE920 /* sharableink */;
			targetProxy = D0EE23741673AD5F00CEE920 /* PBXContainerItemProxy */;
		};
/* End PBXTargetDependency section */

/* Begin PBXVariantGroup section */
		D0EE234E1673AD5E00CEE920 /* InfoPlist.strings */ = {
			isa = PBXVariantGroup;
			children = (
				D0EE234F1673AD5E00CEE920 /* en */,
			);
			name = InfoPlist.strings;
			sourceTree = "<group>";
		};
		D0EE235D1673AD5E00CEE920 /* MainStoryboard.storyboard */ = {
			isa = PBXVariantGroup;
			children = (
				D0EE235E1673AD5E00CEE920 /* en */,
			);
			name = MainStoryboard.storyboard;
			sourceTree = "<group>";
		};
		D0EE23791673AD5F00CEE920 /* InfoPlist.strings */ = {
			isa = PBXVariantGroup;
			children = (
				D0EE237A1673AD5F00CEE920 /* en */,
			);
			name = InfoPlist.strings;
			sourceTree = "<group>";
		};
/* End PBXVariantGroup section */

/* Begin XCBuildConfiguration section */
		D0EE237F1673AD5F00CEE920 /* Debug */ = {
			isa = XCBuildConfiguration;
			buildSettings = {
				ALWAYS_SEARCH_USER_PATHS = NO;
				CLANG_CXX_LANGUAGE_STANDARD = "gnu++0x";
				CLANG_CXX_LIBRARY = "libc++";
				CLANG_ENABLE_OBJC_ARC = YES;
				CLANG_WARN_EMPTY_BODY = YES;
				CLANG_WARN__DUPLICATE_METHOD_MATCH = YES;
				"CODE_SIGN_IDENTITY[sdk=iphoneos*]" = "iPhone Developer";
				COPY_PHASE_STRIP = NO;
				GCC_C_LANGUAGE_STANDARD = gnu99;
				GCC_DYNAMIC_NO_PIC = NO;
				GCC_OPTIMIZATION_LEVEL = 0;
				GCC_PREPROCESSOR_DEFINITIONS = (
					"DEBUG=1",
					"$(inherited)",
				);
				GCC_SYMBOLS_PRIVATE_EXTERN = NO;
				GCC_WARN_ABOUT_RETURN_TYPE = YES;
				GCC_WARN_UNINITIALIZED_AUTOS = YES;
				GCC_WARN_UNUSED_VARIABLE = YES;
				IPHONEOS_DEPLOYMENT_TARGET = 6.0;
				ONLY_ACTIVE_ARCH = YES;
				SDKROOT = iphoneos;
				TARGETED_DEVICE_FAMILY = 2;
			};
			name = Debug;
		};
		D0EE23801673AD5F00CEE920 /* Release */ = {
			isa = XCBuildConfiguration;
			buildSettings = {
				ALWAYS_SEARCH_USER_PATHS = NO;
				CLANG_CXX_LANGUAGE_STANDARD = "gnu++0x";
				CLANG_CXX_LIBRARY = "libc++";
				CLANG_ENABLE_OBJC_ARC = YES;
				CLANG_WARN_EMPTY_BODY = YES;
				CLANG_WARN__DUPLICATE_METHOD_MATCH = YES;
				"CODE_SIGN_IDENTITY[sdk=iphoneos*]" = "iPhone Developer";
				COPY_PHASE_STRIP = YES;
				GCC_C_LANGUAGE_STANDARD = gnu99;
				GCC_WARN_ABOUT_RETURN_TYPE = YES;
				GCC_WARN_UNINITIALIZED_AUTOS = YES;
				GCC_WARN_UNUSED_VARIABLE = YES;
				IPHONEOS_DEPLOYMENT_TARGET = 6.0;
				OTHER_CFLAGS = "-DNS_BLOCK_ASSERTIONS=1";
				SDKROOT = iphoneos;
				TARGETED_DEVICE_FAMILY = 2;
				VALIDATE_PRODUCT = YES;
			};
			name = Release;
		};
		D0EE23821673AD5F00CEE920 /* Debug */ = {
			isa = XCBuildConfiguration;
			buildSettings = {
				CODE_SIGN_IDENTITY = "iPhone Developer";
				GCC_PRECOMPILE_PREFIX_HEADER = YES;
				GCC_PREFIX_HEADER = "sharableink/sharableink-Prefix.pch";
				INFOPLIST_FILE = "sharableink/sharableink-Info.plist";
				IPHONEOS_DEPLOYMENT_TARGET = 6.0;
				LIBRARY_SEARCH_PATHS = (
					"$(inherited)",
					"\"$(SRCROOT)/TestFlightSDK1\"",
				);
				PRODUCT_NAME = "$(TARGET_NAME)";
				PROVISIONING_PROFILE = "";
				WRAPPER_EXTENSION = app;
			};
			name = Debug;
		};
		D0EE23831673AD5F00CEE920 /* Release */ = {
			isa = XCBuildConfiguration;
			buildSettings = {
				CODE_SIGN_IDENTITY = "iPhone Distribution";
				GCC_PRECOMPILE_PREFIX_HEADER = YES;
				GCC_PREFIX_HEADER = "sharableink/sharableink-Prefix.pch";
				INFOPLIST_FILE = "sharableink/sharableink-Info.plist";
				IPHONEOS_DEPLOYMENT_TARGET = 6.0;
				LIBRARY_SEARCH_PATHS = (
					"$(inherited)",
					"\"$(SRCROOT)/TestFlightSDK1\"",
				);
				PRODUCT_NAME = "$(TARGET_NAME)";
				PROVISIONING_PROFILE = "";
				WRAPPER_EXTENSION = app;
			};
			name = Release;
		};
		D0EE23851673AD5F00CEE920 /* Debug */ = {
			isa = XCBuildConfiguration;
			buildSettings = {
				BUNDLE_LOADER = "$(BUILT_PRODUCTS_DIR)/sharableink.app/sharableink";
				FRAMEWORK_SEARCH_PATHS = (
					"\"$(SDKROOT)/Developer/Library/Frameworks\"",
					"\"$(DEVELOPER_LIBRARY_DIR)/Frameworks\"",
				);
				GCC_PRECOMPILE_PREFIX_HEADER = YES;
				GCC_PREFIX_HEADER = "sharableink/sharableink-Prefix.pch";
				INFOPLIST_FILE = "sharableinkTests/sharableinkTests-Info.plist";
				PRODUCT_NAME = "$(TARGET_NAME)";
				TEST_HOST = "$(BUNDLE_LOADER)";
				WRAPPER_EXTENSION = octest;
			};
			name = Debug;
		};
		D0EE23861673AD5F00CEE920 /* Release */ = {
			isa = XCBuildConfiguration;
			buildSettings = {
				BUNDLE_LOADER = "$(BUILT_PRODUCTS_DIR)/sharableink.app/sharableink";
				FRAMEWORK_SEARCH_PATHS = (
					"\"$(SDKROOT)/Developer/Library/Frameworks\"",
					"\"$(DEVELOPER_LIBRARY_DIR)/Frameworks\"",
				);
				GCC_PRECOMPILE_PREFIX_HEADER = YES;
				GCC_PREFIX_HEADER = "sharableink/sharableink-Prefix.pch";
				INFOPLIST_FILE = "sharableinkTests/sharableinkTests-Info.plist";
				PRODUCT_NAME = "$(TARGET_NAME)";
				TEST_HOST = "$(BUNDLE_LOADER)";
				WRAPPER_EXTENSION = octest;
			};
			name = Release;
		};
/* End XCBuildConfiguration section */

/* Begin XCConfigurationList section */
		D0EE23391673AD5E00CEE920 /* Build configuration list for PBXProject "sharableink" */ = {
			isa = XCConfigurationList;
			buildConfigurations = (
				D0EE237F1673AD5F00CEE920 /* Debug */,
				D0EE23801673AD5F00CEE920 /* Release */,
			);
			defaultConfigurationIsVisible = 0;
			defaultConfigurationName = Release;
		};
		D0EE23811673AD5F00CEE920 /* Build configuration list for PBXNativeTarget "sharableink" */ = {
			isa = XCConfigurationList;
			buildConfigurations = (
				D0EE23821673AD5F00CEE920 /* Debug */,
				D0EE23831673AD5F00CEE920 /* Release */,
			);
			defaultConfigurationIsVisible = 0;
			defaultConfigurationName = Release;
		};
		D0EE23841673AD5F00CEE920 /* Build configuration list for PBXNativeTarget "sharableinkTests" */ = {
			isa = XCConfigurationList;
			buildConfigurations = (
				D0EE23851673AD5F00CEE920 /* Debug */,
				D0EE23861673AD5F00CEE920 /* Release */,
			);
			defaultConfigurationIsVisible = 0;
			defaultConfigurationName = Release;
		};
/* End XCConfigurationList section */

/* Begin XCVersionGroup section */
		D0EE23601673AD5E00CEE920 /* sharableink.xcdatamodeld */ = {
			isa = XCVersionGroup;
			children = (
				D0EE23611673AD5E00CEE920 /* sharableink.xcdatamodel */,
			);
			currentVersion = D0EE23611673AD5E00CEE920 /* sharableink.xcdatamodel */;
			path = sharableink.xcdatamodeld;
			sourceTree = "<group>";
			versionGroupType = wrapper.xcdatamodel;
		};
/* End XCVersionGroup section */
	};
	rootObject = D0EE23361673AD5E00CEE920 /* Project object */;
}
